
Microsoft Visual Studio Solution File, Format Version 12.00
# Visual Studio Version 16
VisualStudioVersion = 16.0.32630.194
MinimumVisualStudioVersion = 10.0.40219.1
Project("{FAE04EC0-301F-11D3-BF4B-00C04F79EFBC}") = "RecursiveBinaryTree", "RecursiveBinaryTree\RecursiveBinaryTree.csproj", "{A8B8CDB9-B67C-44A3-8B80-E9A022A548E3}"
EndProject
Global
	GlobalSection(SolutionConfigurationPlatforms) = preSolution
		Debug|Any CPU = Debug|Any CPU
		Release|Any CPU = Release|Any CPU
	EndGlobalSection
	GlobalSection(ProjectConfigurationPlatforms) = postSolution
		{A8B8CDB9-B67C-44A3-8B80-E9A022A548E3}.Debug|Any CPU.ActiveCfg = Debug|Any CPU
		{A8B8CDB9-B67C-44A3-8B80-E9A022A548E3}.Debug|Any CPU.Build.0 = Debug|Any CPU
		{A8B8CDB9-B67C-44A3-8B80-E9A022A548E3}.Release|Any CPU.ActiveCfg = Release|Any CPU
		{A8B8CDB9-B67C-44A3-8B80-E9A022A548E3}.Release|Any CPU.Build.0 = Release|Any CPU
	EndGlobalSection
	GlobalSection(SolutionProperties) = preSolution
		HideSolutionNode = FALSE
	EndGlobalSection
	GlobalSection(ExtensibilityGlobals) = postSolution
		SolutionGuid = {FE365B2A-44A6-4A0E-9D56-573CD3B77E67}
	EndGlobalSection
EndGlobal
